
Microsoft Visual Studio Solution File, Format Version 12.00
# Visual Studio Version 16
VisualStudioVersion = 16.0.30611.23
MinimumVisualStudioVersion = 10.0.40219.1
Project("{FAE04EC0-301F-11D3-BF4B-00C04F79EFBC}") = "Client", "Client\Client.csproj", "{B7A42926-54EA-4769-B585-31903985B76F}"
EndProject
Project("{FAE04EC0-301F-11D3-BF4B-00C04F79EFBC}") = "Server", "Server\Server.csproj", "{BCECC8DE-1BD6-4302-B595-9992E45678E6}"
EndProject
Global
	GlobalSection(SolutionConfigurationPlatforms) = preSolution
		Debug|Any CPU = Debug|Any CPU
		Release|Any CPU = Release|Any CPU
	EndGlobalSection
	GlobalSection(ProjectConfigurationPlatforms) = postSolution
		{B7A42926-54EA-4769-B585-31903985B76F}.Debug|Any CPU.ActiveCfg = Debug|Any CPU
		{B7A42926-54EA-4769-B585-31903985B76F}.Debug|Any CPU.Build.0 = Debug|Any CPU
		{B7A42926-54EA-4769-B585-31903985B76F}.Release|Any CPU.ActiveCfg = Release|Any CPU
		{B7A42926-54EA-4769-B585-31903985B76F}.Release|Any CPU.Build.0 = Release|Any CPU
		{BCECC8DE-1BD6-4302-B595-9992E45678E6}.Debug|Any CPU.ActiveCfg = Debug|Any CPU
		{BCECC8DE-1BD6-4302-B595-9992E45678E6}.Debug|Any CPU.Build.0 = Debug|Any CPU
		{BCECC8DE-1BD6-4302-B595-9992E45678E6}.Release|Any CPU.ActiveCfg = Release|Any CPU
		{BCECC8DE-1BD6-4302-B595-9992E45678E6}.Release|Any CPU.Build.0 = Release|Any CPU
	EndGlobalSection
	GlobalSection(SolutionProperties) = preSolution
		HideSolutionNode = FALSE
	EndGlobalSection
	GlobalSection(ExtensibilityGlobals) = postSolution
		SolutionGuid = {648A9E64-6368-4463-AA86-6B4E5887FE93}
	EndGlobalSection
EndGlobal
