
Microsoft Visual Studio Solution File, Format Version 12.00
# Visual Studio Version 16
VisualStudioVersion = 16.0.30717.126
MinimumVisualStudioVersion = 10.0.40219.1
Project("{FAE04EC0-301F-11D3-BF4B-00C04F79EFBC}") = "9thLab", "9thLab\9thLab.csproj", "{F4C5497A-70DB-41A1-84BD-4472B196AD8C}"
EndProject
Global
	GlobalSection(SolutionConfigurationPlatforms) = preSolution
		Debug|Any CPU = Debug|Any CPU
		Release|Any CPU = Release|Any CPU
	EndGlobalSection
	GlobalSection(ProjectConfigurationPlatforms) = postSolution
		{F4C5497A-70DB-41A1-84BD-4472B196AD8C}.Debug|Any CPU.ActiveCfg = Debug|Any CPU
		{F4C5497A-70DB-41A1-84BD-4472B196AD8C}.Debug|Any CPU.Build.0 = Debug|Any CPU
		{F4C5497A-70DB-41A1-84BD-4472B196AD8C}.Release|Any CPU.ActiveCfg = Release|Any CPU
		{F4C5497A-70DB-41A1-84BD-4472B196AD8C}.Release|Any CPU.Build.0 = Release|Any CPU
	EndGlobalSection
	GlobalSection(SolutionProperties) = preSolution
		HideSolutionNode = FALSE
	EndGlobalSection
	GlobalSection(ExtensibilityGlobals) = postSolution
		SolutionGuid = {24FA3958-AB87-4401-B8E1-5E4E65C8ADCA}
	EndGlobalSection
EndGlobal
