
Microsoft Visual Studio Solution File, Format Version 12.00
# Visual Studio Version 16
VisualStudioVersion = 16.0.30611.23
MinimumVisualStudioVersion = 10.0.40219.1
Project("{FAE04EC0-301F-11D3-BF4B-00C04F79EFBC}") = "7thLab", "7thLab\7thLab.csproj", "{C6AE298D-936E-4B2D-9DDC-05D648F2CF2A}"
EndProject
Global
	GlobalSection(SolutionConfigurationPlatforms) = preSolution
		Debug|Any CPU = Debug|Any CPU
		Release|Any CPU = Release|Any CPU
	EndGlobalSection
	GlobalSection(ProjectConfigurationPlatforms) = postSolution
		{C6AE298D-936E-4B2D-9DDC-05D648F2CF2A}.Debug|Any CPU.ActiveCfg = Debug|Any CPU
		{C6AE298D-936E-4B2D-9DDC-05D648F2CF2A}.Debug|Any CPU.Build.0 = Debug|Any CPU
		{C6AE298D-936E-4B2D-9DDC-05D648F2CF2A}.Release|Any CPU.ActiveCfg = Release|Any CPU
		{C6AE298D-936E-4B2D-9DDC-05D648F2CF2A}.Release|Any CPU.Build.0 = Release|Any CPU
	EndGlobalSection
	GlobalSection(SolutionProperties) = preSolution
		HideSolutionNode = FALSE
	EndGlobalSection
	GlobalSection(ExtensibilityGlobals) = postSolution
		SolutionGuid = {CFD86C22-47CD-4933-B26D-5D380CC664C3}
	EndGlobalSection
EndGlobal
