
Microsoft Visual Studio Solution File, Format Version 12.00
# Visual Studio Version 16
VisualStudioVersion = 16.0.30717.126
MinimumVisualStudioVersion = 10.0.40219.1
Project("{FAE04EC0-301F-11D3-BF4B-00C04F79EFBC}") = "8thLab", "8thLab\8thLab.csproj", "{A5DE25F3-33EF-480D-A042-95E121BF115B}"
EndProject
Global
	GlobalSection(SolutionConfigurationPlatforms) = preSolution
		Debug|Any CPU = Debug|Any CPU
		Release|Any CPU = Release|Any CPU
	EndGlobalSection
	GlobalSection(ProjectConfigurationPlatforms) = postSolution
		{A5DE25F3-33EF-480D-A042-95E121BF115B}.Debug|Any CPU.ActiveCfg = Debug|Any CPU
		{A5DE25F3-33EF-480D-A042-95E121BF115B}.Debug|Any CPU.Build.0 = Debug|Any CPU
		{A5DE25F3-33EF-480D-A042-95E121BF115B}.Release|Any CPU.ActiveCfg = Release|Any CPU
		{A5DE25F3-33EF-480D-A042-95E121BF115B}.Release|Any CPU.Build.0 = Release|Any CPU
	EndGlobalSection
	GlobalSection(SolutionProperties) = preSolution
		HideSolutionNode = FALSE
	EndGlobalSection
	GlobalSection(ExtensibilityGlobals) = postSolution
		SolutionGuid = {4717FD49-213E-4EA5-89DD-184AA8D775B4}
	EndGlobalSection
EndGlobal
